
Microsoft Visual Studio Solution File, Format Version 12.00
# Visual Studio Version 16
VisualStudioVersion = 16.0.29920.165
MinimumVisualStudioVersion = 10.0.40219.1
Project("{9A19103F-16F7-4668-BE54-9A1E7A4F7556}") = "RunKeeper", "RunKeeper\RunKeeper.csproj", "{B3C0B8DC-68F2-4F48-944F-38CC08B37442}"
EndProject
Project("{9A19103F-16F7-4668-BE54-9A1E7A4F7556}") = "DataAccess", "DataAccess\DataAccess.csproj", "{30CA162B-FB43-469A-8C07-9C6A078C12E7}"
EndProject
Project("{9A19103F-16F7-4668-BE54-9A1E7A4F7556}") = "WebCrawler", "WebCrawler\WebCrawler.csproj", "{4B57EA82-85B8-4108-8E6A-0E71FB590796}"
EndProject
Project("{9A19103F-16F7-4668-BE54-9A1E7A4F7556}") = "Tests", "Tests\Tests.csproj", "{D33C0A45-F37F-4ECF-A9CB-E7A25C2FB700}"
EndProject
Project("{9A19103F-16F7-4668-BE54-9A1E7A4F7556}") = "Ranking", "Ranking\Ranking.csproj", "{51822234-74EC-48A6-A26E-F9FBE5766744}"
EndProject
Global
	GlobalSection(SolutionConfigurationPlatforms) = preSolution
		Debug|Any CPU = Debug|Any CPU
		Release|Any CPU = Release|Any CPU
	EndGlobalSection
	GlobalSection(ProjectConfigurationPlatforms) = postSolution
		{B3C0B8DC-68F2-4F48-944F-38CC08B37442}.Debug|Any CPU.ActiveCfg = Debug|Any CPU
		{B3C0B8DC-68F2-4F48-944F-38CC08B37442}.Debug|Any CPU.Build.0 = Debug|Any CPU
		{B3C0B8DC-68F2-4F48-944F-38CC08B37442}.Release|Any CPU.ActiveCfg = Release|Any CPU
		{B3C0B8DC-68F2-4F48-944F-38CC08B37442}.Release|Any CPU.Build.0 = Release|Any CPU
		{30CA162B-FB43-469A-8C07-9C6A078C12E7}.Debug|Any CPU.ActiveCfg = Debug|Any CPU
		{30CA162B-FB43-469A-8C07-9C6A078C12E7}.Debug|Any CPU.Build.0 = Debug|Any CPU
		{30CA162B-FB43-469A-8C07-9C6A078C12E7}.Release|Any CPU.ActiveCfg = Release|Any CPU
		{30CA162B-FB43-469A-8C07-9C6A078C12E7}.Release|Any CPU.Build.0 = Release|Any CPU
		{4B57EA82-85B8-4108-8E6A-0E71FB590796}.Debug|Any CPU.ActiveCfg = Debug|Any CPU
		{4B57EA82-85B8-4108-8E6A-0E71FB590796}.Debug|Any CPU.Build.0 = Debug|Any CPU
		{4B57EA82-85B8-4108-8E6A-0E71FB590796}.Release|Any CPU.ActiveCfg = Release|Any CPU
		{4B57EA82-85B8-4108-8E6A-0E71FB590796}.Release|Any CPU.Build.0 = Release|Any CPU
		{D33C0A45-F37F-4ECF-A9CB-E7A25C2FB700}.Debug|Any CPU.ActiveCfg = Debug|Any CPU
		{D33C0A45-F37F-4ECF-A9CB-E7A25C2FB700}.Debug|Any CPU.Build.0 = Debug|Any CPU
		{D33C0A45-F37F-4ECF-A9CB-E7A25C2FB700}.Release|Any CPU.ActiveCfg = Release|Any CPU
		{D33C0A45-F37F-4ECF-A9CB-E7A25C2FB700}.Release|Any CPU.Build.0 = Release|Any CPU
		{51822234-74EC-48A6-A26E-F9FBE5766744}.Debug|Any CPU.ActiveCfg = Debug|Any CPU
		{51822234-74EC-48A6-A26E-F9FBE5766744}.Debug|Any CPU.Build.0 = Debug|Any CPU
		{51822234-74EC-48A6-A26E-F9FBE5766744}.Release|Any CPU.ActiveCfg = Release|Any CPU
		{51822234-74EC-48A6-A26E-F9FBE5766744}.Release|Any CPU.Build.0 = Release|Any CPU
	EndGlobalSection
	GlobalSection(SolutionProperties) = preSolution
		HideSolutionNode = FALSE
	EndGlobalSection
	GlobalSection(ExtensibilityGlobals) = postSolution
		SolutionGuid = {70F8CB52-2017-4A89-B10B-023EC7EF8721}
	EndGlobalSection
EndGlobal
